
Microsoft Visual Studio Solution File, Format Version 12.00
# Visual Studio 15
VisualStudioVersion = 15.0.28307.489
MinimumVisualStudioVersion = 10.0.40219.1
Project("{FAE04EC0-301F-11D3-BF4B-00C04F79EFBC}") = "EDIFACTApp", "EDIFACTApp\EDIFACTApp.csproj", "{5F06B59E-3C7C-46C8-A677-5626DB0687B7}"
	ProjectSection(ProjectDependencies) = postProject
		{6F33926E-2D00-4CCB-980C-A485F2F8619E} = {6F33926E-2D00-4CCB-980C-A485F2F8619E}
	EndProjectSection
EndProject
Project("{FAE04EC0-301F-11D3-BF4B-00C04F79EFBC}") = "ABMDataBL", "ABMDataBL\ABMDataBL.csproj", "{BD3D6B6D-16EE-4F70-9452-114AA0D07389}"
EndProject
Project("{FAE04EC0-301F-11D3-BF4B-00C04F79EFBC}") = "PayloadService", "PayloadService\PayloadService.csproj", "{6F33926E-2D00-4CCB-980C-A485F2F8619E}"
EndProject
Global
	GlobalSection(SolutionConfigurationPlatforms) = preSolution
		Debug|Any CPU = Debug|Any CPU
		Release|Any CPU = Release|Any CPU
	EndGlobalSection
	GlobalSection(ProjectConfigurationPlatforms) = postSolution
		{5F06B59E-3C7C-46C8-A677-5626DB0687B7}.Debug|Any CPU.ActiveCfg = Debug|Any CPU
		{5F06B59E-3C7C-46C8-A677-5626DB0687B7}.Debug|Any CPU.Build.0 = Debug|Any CPU
		{5F06B59E-3C7C-46C8-A677-5626DB0687B7}.Release|Any CPU.ActiveCfg = Release|Any CPU
		{5F06B59E-3C7C-46C8-A677-5626DB0687B7}.Release|Any CPU.Build.0 = Release|Any CPU
		{BD3D6B6D-16EE-4F70-9452-114AA0D07389}.Debug|Any CPU.ActiveCfg = Debug|Any CPU
		{BD3D6B6D-16EE-4F70-9452-114AA0D07389}.Debug|Any CPU.Build.0 = Debug|Any CPU
		{BD3D6B6D-16EE-4F70-9452-114AA0D07389}.Release|Any CPU.ActiveCfg = Release|Any CPU
		{BD3D6B6D-16EE-4F70-9452-114AA0D07389}.Release|Any CPU.Build.0 = Release|Any CPU
		{6F33926E-2D00-4CCB-980C-A485F2F8619E}.Debug|Any CPU.ActiveCfg = Debug|Any CPU
		{6F33926E-2D00-4CCB-980C-A485F2F8619E}.Debug|Any CPU.Build.0 = Debug|Any CPU
		{6F33926E-2D00-4CCB-980C-A485F2F8619E}.Release|Any CPU.ActiveCfg = Release|Any CPU
		{6F33926E-2D00-4CCB-980C-A485F2F8619E}.Release|Any CPU.Build.0 = Release|Any CPU
	EndGlobalSection
	GlobalSection(SolutionProperties) = preSolution
		HideSolutionNode = FALSE
	EndGlobalSection
	GlobalSection(ExtensibilityGlobals) = postSolution
		SolutionGuid = {81A0E9CF-7A9B-48EA-9D1F-3B6102DA42B9}
	EndGlobalSection
EndGlobal
